
Microsoft Visual Studio Solution File, Format Version 12.00
# Visual Studio Version 17
VisualStudioVersion = 17.10.35004.147
MinimumVisualStudioVersion = 10.0.40219.1
Project("{FAE04EC0-301F-11D3-BF4B-00C04F79EFBC}") = "LinQ_Audi", "LinQ_Audi.csproj", "{73AAF321-7087-4580-A148-33272D067458}"
EndProject
Global
	GlobalSection(SolutionConfigurationPlatforms) = preSolution
		Debug|Any CPU = Debug|Any CPU
		Release|Any CPU = Release|Any CPU
	EndGlobalSection
	GlobalSection(ProjectConfigurationPlatforms) = postSolution
		{73AAF321-7087-4580-A148-33272D067458}.Debug|Any CPU.ActiveCfg = Debug|Any CPU
		{73AAF321-7087-4580-A148-33272D067458}.Debug|Any CPU.Build.0 = Debug|Any CPU
		{73AAF321-7087-4580-A148-33272D067458}.Release|Any CPU.ActiveCfg = Release|Any CPU
		{73AAF321-7087-4580-A148-33272D067458}.Release|Any CPU.Build.0 = Release|Any CPU
	EndGlobalSection
	GlobalSection(SolutionProperties) = preSolution
		HideSolutionNode = FALSE
	EndGlobalSection
	GlobalSection(ExtensibilityGlobals) = postSolution
		SolutionGuid = {B95DBD1E-AF74-4291-9A4F-3A9050AFF9FB}
	EndGlobalSection
EndGlobal
